// !$*UTF8*$!
{
	archiveVersion = 1;
	classes = {
	};
	objectVersion = 48;
	objects = {

/* Begin PBXBuildFile section */
		3D84681ECA1D4FC0252A5AF3 /* Pods_PurdueShareTests.framework in Frameworks */ = {isa = PBXBuildFile; fileRef = 01713F86222C178373BC91F5 /* Pods_PurdueShareTests.framework */; };
		901A2E8020571CC50099F58A /* AuthService.swift in Sources */ = {isa = PBXBuildFile; fileRef = 901A2E7F20571CC50099F58A /* AuthService.swift */; };
		901A2E82205722330099F58A /* DataService.swift in Sources */ = {isa = PBXBuildFile; fileRef = 901A2E81205722330099F58A /* DataService.swift */; };
		901A2E8420577FF00099F58A /* User.swift in Sources */ = {isa = PBXBuildFile; fileRef = 901A2E8320577FF00099F58A /* User.swift */; };
		905109AF20925CA50069700B /* GoogleService-Info.plist in Resources */ = {isa = PBXBuildFile; fileRef = 905109AE20925CA50069700B /* GoogleService-Info.plist */; };
		905109B120927ECC0069700B /* ShareFeedViewController.swift in Sources */ = {isa = PBXBuildFile; fileRef = 905109B020927ECC0069700B /* ShareFeedViewController.swift */; };
		90C6B5B120B44C9000503672 /* ShareFeedTableCell.swift in Sources */ = {isa = PBXBuildFile; fileRef = 90C6B5B020B44C9000503672 /* ShareFeedTableCell.swift */; };
		90C6B5B320B451DF00503672 /* RequestPost.swift in Sources */ = {isa = PBXBuildFile; fileRef = 90C6B5B220B451DF00503672 /* RequestPost.swift */; };
		90C6B5B520B453F600503672 /* MakeRequestVC.swift in Sources */ = {isa = PBXBuildFile; fileRef = 90C6B5B420B453F600503672 /* MakeRequestVC.swift */; };
		90EF71FB20536F44000C4E68 /* AppDelegate.swift in Sources */ = {isa = PBXBuildFile; fileRef = 90EF71FA20536F44000C4E68 /* AppDelegate.swift */; };
		90EF720020536F44000C4E68 /* Main.storyboard in Resources */ = {isa = PBXBuildFile; fileRef = 90EF71FE20536F44000C4E68 /* Main.storyboard */; };
		90EF720220536F44000C4E68 /* Assets.xcassets in Resources */ = {isa = PBXBuildFile; fileRef = 90EF720120536F44000C4E68 /* Assets.xcassets */; };
		90EF720520536F44000C4E68 /* LaunchScreen.storyboard in Resources */ = {isa = PBXBuildFile; fileRef = 90EF720320536F44000C4E68 /* LaunchScreen.storyboard */; };
		90EF721020536F44000C4E68 /* PurdueShareTests.swift in Sources */ = {isa = PBXBuildFile; fileRef = 90EF720F20536F44000C4E68 /* PurdueShareTests.swift */; };
		90EF721D20537AE0000C4E68 /* LoginViewController.swift in Sources */ = {isa = PBXBuildFile; fileRef = 90EF721C20537AE0000C4E68 /* LoginViewController.swift */; };
		90EF721F20539258000C4E68 /* FirstViewController.swift in Sources */ = {isa = PBXBuildFile; fileRef = 90EF721E20539258000C4E68 /* FirstViewController.swift */; };
		90EF72212054F462000C4E68 /* CoreLocation.framework in Frameworks */ = {isa = PBXBuildFile; fileRef = 90EF72202054F461000C4E68 /* CoreLocation.framework */; };
		E3493B7B57F7000F4A66CA31 /* Pods_PurdueShare.framework in Frameworks */ = {isa = PBXBuildFile; fileRef = 0E31FEE6ADE32839189DCEC5 /* Pods_PurdueShare.framework */; };
/* End PBXBuildFile section */

/* Begin PBXContainerItemProxy section */
		90EF720C20536F44000C4E68 /* PBXContainerItemProxy */ = {
			isa = PBXContainerItemProxy;
			containerPortal = 90EF71EF20536F44000C4E68 /* Project object */;
			proxyType = 1;
			remoteGlobalIDString = 90EF71F620536F44000C4E68;
			remoteInfo = PurdueShare;
		};
/* End PBXContainerItemProxy section */

/* Begin PBXFileReference section */
		01713F86222C178373BC91F5 /* Pods_PurdueShareTests.framework */ = {isa = PBXFileReference; explicitFileType = wrapper.framework; includeInIndex = 0; path = Pods_PurdueShareTests.framework; sourceTree = BUILT_PRODUCTS_DIR; };
		0E31FEE6ADE32839189DCEC5 /* Pods_PurdueShare.framework */ = {isa = PBXFileReference; explicitFileType = wrapper.framework; includeInIndex = 0; path = Pods_PurdueShare.framework; sourceTree = BUILT_PRODUCTS_DIR; };
		50F251828662D44CA205652A /* Pods-PurdueShare.debug.xcconfig */ = {isa = PBXFileReference; includeInIndex = 1; lastKnownFileType = text.xcconfig; name = "Pods-PurdueShare.debug.xcconfig"; path = "Pods/Target Support Files/Pods-PurdueShare/Pods-PurdueShare.debug.xcconfig"; sourceTree = "<group>"; };
		602E4945024FA4D37A2D8C55 /* Pods-PurdueShare.release.xcconfig */ = {isa = PBXFileReference; includeInIndex = 1; lastKnownFileType = text.xcconfig; name = "Pods-PurdueShare.release.xcconfig"; path = "Pods/Target Support Files/Pods-PurdueShare/Pods-PurdueShare.release.xcconfig"; sourceTree = "<group>"; };
		901A2E7F20571CC50099F58A /* AuthService.swift */ = {isa = PBXFileReference; lastKnownFileType = sourcecode.swift; path = AuthService.swift; sourceTree = "<group>"; };
		901A2E81205722330099F58A /* DataService.swift */ = {isa = PBXFileReference; lastKnownFileType = sourcecode.swift; path = DataService.swift; sourceTree = "<group>"; };
		901A2E8320577FF00099F58A /* User.swift */ = {isa = PBXFileReference; lastKnownFileType = sourcecode.swift; path = User.swift; sourceTree = "<group>"; };
		905109AE20925CA50069700B /* GoogleService-Info.plist */ = {isa = PBXFileReference; fileEncoding = 4; lastKnownFileType = text.plist.xml; path = "GoogleService-Info.plist"; sourceTree = "<group>"; };
		905109B020927ECC0069700B /* ShareFeedViewController.swift */ = {isa = PBXFileReference; lastKnownFileType = sourcecode.swift; path = ShareFeedViewController.swift; sourceTree = "<group>"; };
		90C6B5B020B44C9000503672 /* ShareFeedTableCell.swift */ = {isa = PBXFileReference; lastKnownFileType = sourcecode.swift; path = ShareFeedTableCell.swift; sourceTree = "<group>"; };
		90C6B5B220B451DF00503672 /* RequestPost.swift */ = {isa = PBXFileReference; lastKnownFileType = sourcecode.swift; path = RequestPost.swift; sourceTree = "<group>"; };
		90C6B5B420B453F600503672 /* MakeRequestVC.swift */ = {isa = PBXFileReference; lastKnownFileType = sourcecode.swift; path = MakeRequestVC.swift; sourceTree = "<group>"; };
		90EF71F720536F44000C4E68 /* PurdueShare.app */ = {isa = PBXFileReference; explicitFileType = wrapper.application; includeInIndex = 0; path = PurdueShare.app; sourceTree = BUILT_PRODUCTS_DIR; };
		90EF71FA20536F44000C4E68 /* AppDelegate.swift */ = {isa = PBXFileReference; lastKnownFileType = sourcecode.swift; path = AppDelegate.swift; sourceTree = "<group>"; };
		90EF71FF20536F44000C4E68 /* Base */ = {isa = PBXFileReference; lastKnownFileType = file.storyboard; name = Base; path = Base.lproj/Main.storyboard; sourceTree = "<group>"; };
		90EF720120536F44000C4E68 /* Assets.xcassets */ = {isa = PBXFileReference; lastKnownFileType = folder.assetcatalog; path = Assets.xcassets; sourceTree = "<group>"; };
		90EF720420536F44000C4E68 /* Base */ = {isa = PBXFileReference; lastKnownFileType = file.storyboard; name = Base; path = Base.lproj/LaunchScreen.storyboard; sourceTree = "<group>"; };
		90EF720620536F44000C4E68 /* Info.plist */ = {isa = PBXFileReference; lastKnownFileType = text.plist.xml; path = Info.plist; sourceTree = "<group>"; };
		90EF720B20536F44000C4E68 /* PurdueShareTests.xctest */ = {isa = PBXFileReference; explicitFileType = wrapper.cfbundle; includeInIndex = 0; path = PurdueShareTests.xctest; sourceTree = BUILT_PRODUCTS_DIR; };
		90EF720F20536F44000C4E68 /* PurdueShareTests.swift */ = {isa = PBXFileReference; lastKnownFileType = sourcecode.swift; path = PurdueShareTests.swift; sourceTree = "<group>"; };
		90EF721120536F44000C4E68 /* Info.plist */ = {isa = PBXFileReference; lastKnownFileType = text.plist.xml; path = Info.plist; sourceTree = "<group>"; };
		90EF721C20537AE0000C4E68 /* LoginViewController.swift */ = {isa = PBXFileReference; lastKnownFileType = sourcecode.swift; path = LoginViewController.swift; sourceTree = "<group>"; };
		90EF721E20539258000C4E68 /* FirstViewController.swift */ = {isa = PBXFileReference; lastKnownFileType = sourcecode.swift; path = FirstViewController.swift; sourceTree = "<group>"; };
		90EF72202054F461000C4E68 /* CoreLocation.framework */ = {isa = PBXFileReference; lastKnownFileType = wrapper.framework; name = CoreLocation.framework; path = System/Library/Frameworks/CoreLocation.framework; sourceTree = SDKROOT; };
		D328CF460254F974777212A6 /* Pods-PurdueShareTests.debug.xcconfig */ = {isa = PBXFileReference; includeInIndex = 1; lastKnownFileType = text.xcconfig; name = "Pods-PurdueShareTests.debug.xcconfig"; path = "Pods/Target Support Files/Pods-PurdueShareTests/Pods-PurdueShareTests.debug.xcconfig"; sourceTree = "<group>"; };
		EC92EC94B040CCE412D4275A /* Pods-PurdueShareTests.release.xcconfig */ = {isa = PBXFileReference; includeInIndex = 1; lastKnownFileType = text.xcconfig; name = "Pods-PurdueShareTests.release.xcconfig"; path = "Pods/Target Support Files/Pods-PurdueShareTests/Pods-PurdueShareTests.release.xcconfig"; sourceTree = "<group>"; };
/* End PBXFileReference section */

/* Begin PBXFrameworksBuildPhase section */
		90EF71F420536F44000C4E68 /* Frameworks */ = {
			isa = PBXFrameworksBuildPhase;
			buildActionMask = 2147483647;
			files = (
				90EF72212054F462000C4E68 /* CoreLocation.framework in Frameworks */,
				E3493B7B57F7000F4A66CA31 /* Pods_PurdueShare.framework in Frameworks */,
			);
			runOnlyForDeploymentPostprocessing = 0;
		};
		90EF720820536F44000C4E68 /* Frameworks */ = {
			isa = PBXFrameworksBuildPhase;
			buildActionMask = 2147483647;
			files = (
				3D84681ECA1D4FC0252A5AF3 /* Pods_PurdueShareTests.framework in Frameworks */,
			);
			runOnlyForDeploymentPostprocessing = 0;
		};
/* End PBXFrameworksBuildPhase section */

/* Begin PBXGroup section */
		2ED2997FA313F34416D5AD94 /* Frameworks */ = {
			isa = PBXGroup;
			children = (
				90EF72202054F461000C4E68 /* CoreLocation.framework */,
				0E31FEE6ADE32839189DCEC5 /* Pods_PurdueShare.framework */,
				01713F86222C178373BC91F5 /* Pods_PurdueShareTests.framework */,
			);
			name = Frameworks;
			sourceTree = "<group>";
		};
		90EF71EE20536F44000C4E68 = {
			isa = PBXGroup;
			children = (
				90EF71F920536F44000C4E68 /* PurdueShare */,
				90EF720E20536F44000C4E68 /* PurdueShareTests */,
				90EF71F820536F44000C4E68 /* Products */,
				ACCCE98524A52FFAA68F2C92 /* Pods */,
				2ED2997FA313F34416D5AD94 /* Frameworks */,
			);
			sourceTree = "<group>";
		};
		90EF71F820536F44000C4E68 /* Products */ = {
			isa = PBXGroup;
			children = (
				90EF71F720536F44000C4E68 /* PurdueShare.app */,
				90EF720B20536F44000C4E68 /* PurdueShareTests.xctest */,
			);
			name = Products;
			sourceTree = "<group>";
		};
		90EF71F920536F44000C4E68 /* PurdueShare */ = {
			isa = PBXGroup;
			children = (
				905109AE20925CA50069700B /* GoogleService-Info.plist */,
				90EF71FA20536F44000C4E68 /* AppDelegate.swift */,
				90EF71FE20536F44000C4E68 /* Main.storyboard */,
				90EF720120536F44000C4E68 /* Assets.xcassets */,
				90EF720320536F44000C4E68 /* LaunchScreen.storyboard */,
				90EF720620536F44000C4E68 /* Info.plist */,
				90EF721C20537AE0000C4E68 /* LoginViewController.swift */,
				90EF721E20539258000C4E68 /* FirstViewController.swift */,
				901A2E7F20571CC50099F58A /* AuthService.swift */,
				901A2E81205722330099F58A /* DataService.swift */,
				901A2E8320577FF00099F58A /* User.swift */,
				905109B020927ECC0069700B /* ShareFeedViewController.swift */,
				90C6B5B020B44C9000503672 /* ShareFeedTableCell.swift */,
				90C6B5B220B451DF00503672 /* RequestPost.swift */,
				90C6B5B420B453F600503672 /* MakeRequestVC.swift */,
			);
			path = PurdueShare;
			sourceTree = "<group>";
		};
		90EF720E20536F44000C4E68 /* PurdueShareTests */ = {
			isa = PBXGroup;
			children = (
				90EF720F20536F44000C4E68 /* PurdueShareTests.swift */,
				90EF721120536F44000C4E68 /* Info.plist */,
			);
			path = PurdueShareTests;
			sourceTree = "<group>";
		};
		ACCCE98524A52FFAA68F2C92 /* Pods */ = {
			isa = PBXGroup;
			children = (
				50F251828662D44CA205652A /* Pods-PurdueShare.debug.xcconfig */,
				602E4945024FA4D37A2D8C55 /* Pods-PurdueShare.release.xcconfig */,
				D328CF460254F974777212A6 /* Pods-PurdueShareTests.debug.xcconfig */,
				EC92EC94B040CCE412D4275A /* Pods-PurdueShareTests.release.xcconfig */,
			);
			name = Pods;
			sourceTree = "<group>";
		};
/* End PBXGroup section */

/* Begin PBXNativeTarget section */
		90EF71F620536F44000C4E68 /* PurdueShare */ = {
			isa = PBXNativeTarget;
			buildConfigurationList = 90EF721420536F44000C4E68 /* Build configuration list for PBXNativeTarget "PurdueShare" */;
			buildPhases = (
				ACAF9070244A2607F625F441 /* [CP] Check Pods Manifest.lock */,
				90EF71F320536F44000C4E68 /* Sources */,
				90EF71F420536F44000C4E68 /* Frameworks */,
				90EF71F520536F44000C4E68 /* Resources */,
				9EC499A482D999FD95EA0F54 /* [CP] Embed Pods Frameworks */,
				89D6D2F06A4ED95D8C0192F4 /* [CP] Copy Pods Resources */,
			);
			buildRules = (
			);
			dependencies = (
			);
			name = PurdueShare;
			productName = PurdueShare;
			productReference = 90EF71F720536F44000C4E68 /* PurdueShare.app */;
			productType = "com.apple.product-type.application";
		};
		90EF720A20536F44000C4E68 /* PurdueShareTests */ = {
			isa = PBXNativeTarget;
			buildConfigurationList = 90EF721720536F44000C4E68 /* Build configuration list for PBXNativeTarget "PurdueShareTests" */;
			buildPhases = (
				4AB6D8FFED709A1F50B5D20E /* [CP] Check Pods Manifest.lock */,
				90EF720720536F44000C4E68 /* Sources */,
				90EF720820536F44000C4E68 /* Frameworks */,
				90EF720920536F44000C4E68 /* Resources */,
				3E2EED6904FC485CDAF133D4 /* [CP] Embed Pods Frameworks */,
				8B888409078C9D2D007536C6 /* [CP] Copy Pods Resources */,
			);
			buildRules = (
			);
			dependencies = (
				90EF720D20536F44000C4E68 /* PBXTargetDependency */,
			);
			name = PurdueShareTests;
			productName = PurdueShareTests;
			productReference = 90EF720B20536F44000C4E68 /* PurdueShareTests.xctest */;
			productType = "com.apple.product-type.bundle.unit-test";
		};
/* End PBXNativeTarget section */

/* Begin PBXProject section */
		90EF71EF20536F44000C4E68 /* Project object */ = {
			isa = PBXProject;
			attributes = {
				LastSwiftUpdateCheck = 0900;
				LastUpgradeCheck = 0900;
				ORGANIZATIONNAME = "Shiva Productions";
				TargetAttributes = {
					90EF71F620536F44000C4E68 = {
						CreatedOnToolsVersion = 9.0;
						ProvisioningStyle = Automatic;
						SystemCapabilities = {
							com.apple.Maps.iOS = {
								enabled = 0;
							};
						};
					};
					90EF720A20536F44000C4E68 = {
						CreatedOnToolsVersion = 9.0;
						ProvisioningStyle = Automatic;
						TestTargetID = 90EF71F620536F44000C4E68;
					};
				};
			};
			buildConfigurationList = 90EF71F220536F44000C4E68 /* Build configuration list for PBXProject "PurdueShare" */;
			compatibilityVersion = "Xcode 8.0";
			developmentRegion = en;
			hasScannedForEncodings = 0;
			knownRegions = (
				en,
				Base,
			);
			mainGroup = 90EF71EE20536F44000C4E68;
			productRefGroup = 90EF71F820536F44000C4E68 /* Products */;
			projectDirPath = "";
			projectRoot = "";
			targets = (
				90EF71F620536F44000C4E68 /* PurdueShare */,
				90EF720A20536F44000C4E68 /* PurdueShareTests */,
			);
		};
/* End PBXProject section */

/* Begin PBXResourcesBuildPhase section */
		90EF71F520536F44000C4E68 /* Resources */ = {
			isa = PBXResourcesBuildPhase;
			buildActionMask = 2147483647;
			files = (
				90EF720520536F44000C4E68 /* LaunchScreen.storyboard in Resources */,
				905109AF20925CA50069700B /* GoogleService-Info.plist in Resources */,
				90EF720220536F44000C4E68 /* Assets.xcassets in Resources */,
				90EF720020536F44000C4E68 /* Main.storyboard in Resources */,
			);
			runOnlyForDeploymentPostprocessing = 0;
		};
		90EF720920536F44000C4E68 /* Resources */ = {
			isa = PBXResourcesBuildPhase;
			buildActionMask = 2147483647;
			files = (
			);
			runOnlyForDeploymentPostprocessing = 0;
		};
/* End PBXResourcesBuildPhase section */

/* Begin PBXShellScriptBuildPhase section */
		3E2EED6904FC485CDAF133D4 /* [CP] Embed Pods Frameworks */ = {
			isa = PBXShellScriptBuildPhase;
			buildActionMask = 2147483647;
			files = (
			);
			inputPaths = (
			);
			name = "[CP] Embed Pods Frameworks";
			outputPaths = (
			);
			runOnlyForDeploymentPostprocessing = 0;
			shellPath = /bin/sh;
			shellScript = "\"${SRCROOT}/Pods/Target Support Files/Pods-PurdueShareTests/Pods-PurdueShareTests-frameworks.sh\"\n";
			showEnvVarsInLog = 0;
		};
		4AB6D8FFED709A1F50B5D20E /* [CP] Check Pods Manifest.lock */ = {
			isa = PBXShellScriptBuildPhase;
			buildActionMask = 2147483647;
			files = (
			);
			inputPaths = (
				"${PODS_PODFILE_DIR_PATH}/Podfile.lock",
				"${PODS_ROOT}/Manifest.lock",
			);
			name = "[CP] Check Pods Manifest.lock";
			outputPaths = (
				"$(DERIVED_FILE_DIR)/Pods-PurdueShareTests-checkManifestLockResult.txt",
			);
			runOnlyForDeploymentPostprocessing = 0;
			shellPath = /bin/sh;
			shellScript = "diff \"${PODS_PODFILE_DIR_PATH}/Podfile.lock\" \"${PODS_ROOT}/Manifest.lock\" > /dev/null\nif [ $? != 0 ] ; then\n    # print error to STDERR\n    echo \"error: The sandbox is not in sync with the Podfile.lock. Run 'pod install' or update your CocoaPods installation.\" >&2\n    exit 1\nfi\n# This output is used by Xcode 'outputs' to avoid re-running this script phase.\necho \"SUCCESS\" > \"${SCRIPT_OUTPUT_FILE_0}\"\n";
			showEnvVarsInLog = 0;
		};
		89D6D2F06A4ED95D8C0192F4 /* [CP] Copy Pods Resources */ = {
			isa = PBXShellScriptBuildPhase;
			buildActionMask = 2147483647;
			files = (
			);
			inputPaths = (
			);
			name = "[CP] Copy Pods Resources";
			outputPaths = (
			);
			runOnlyForDeploymentPostprocessing = 0;
			shellPath = /bin/sh;
			shellScript = "\"${SRCROOT}/Pods/Target Support Files/Pods-PurdueShare/Pods-PurdueShare-resources.sh\"\n";
			showEnvVarsInLog = 0;
		};
		8B888409078C9D2D007536C6 /* [CP] Copy Pods Resources */ = {
			isa = PBXShellScriptBuildPhase;
			buildActionMask = 2147483647;
			files = (
			);
			inputPaths = (
			);
			name = "[CP] Copy Pods Resources";
			outputPaths = (
			);
			runOnlyForDeploymentPostprocessing = 0;
			shellPath = /bin/sh;
			shellScript = "\"${SRCROOT}/Pods/Target Support Files/Pods-PurdueShareTests/Pods-PurdueShareTests-resources.sh\"\n";
			showEnvVarsInLog = 0;
		};
		9EC499A482D999FD95EA0F54 /* [CP] Embed Pods Frameworks */ = {
			isa = PBXShellScriptBuildPhase;
			buildActionMask = 2147483647;
			files = (
			);
			inputPaths = (
				"${SRCROOT}/Pods/Target Support Files/Pods-PurdueShare/Pods-PurdueShare-frameworks.sh",
				"${BUILT_PRODUCTS_DIR}/Bolts/Bolts.framework",
				"${BUILT_PRODUCTS_DIR}/FBSDKCoreKit/FBSDKCoreKit.framework",
				"${BUILT_PRODUCTS_DIR}/FBSDKLoginKit/FBSDKLoginKit.framework",
				"${BUILT_PRODUCTS_DIR}/FBSDKShareKit/FBSDKShareKit.framework",
				"${BUILT_PRODUCTS_DIR}/FacebookCore/FacebookCore.framework",
				"${BUILT_PRODUCTS_DIR}/FacebookLogin/FacebookLogin.framework",
				"${BUILT_PRODUCTS_DIR}/FacebookShare/FacebookShare.framework",
				"${BUILT_PRODUCTS_DIR}/GTMSessionFetcher/GTMSessionFetcher.framework",
				"${BUILT_PRODUCTS_DIR}/GoogleToolboxForMac/GoogleToolboxForMac.framework",
				"${BUILT_PRODUCTS_DIR}/SwiftKeychainWrapper/SwiftKeychainWrapper.framework",
				"${BUILT_PRODUCTS_DIR}/leveldb-library/leveldb.framework",
				"${BUILT_PRODUCTS_DIR}/nanopb/nanopb.framework",
			);
			name = "[CP] Embed Pods Frameworks";
			outputPaths = (
				"${TARGET_BUILD_DIR}/${FRAMEWORKS_FOLDER_PATH}/Bolts.framework",
				"${TARGET_BUILD_DIR}/${FRAMEWORKS_FOLDER_PATH}/FBSDKCoreKit.framework",
				"${TARGET_BUILD_DIR}/${FRAMEWORKS_FOLDER_PATH}/FBSDKLoginKit.framework",
				"${TARGET_BUILD_DIR}/${FRAMEWORKS_FOLDER_PATH}/FBSDKShareKit.framework",
				"${TARGET_BUILD_DIR}/${FRAMEWORKS_FOLDER_PATH}/FacebookCore.framework",
				"${TARGET_BUILD_DIR}/${FRAMEWORKS_FOLDER_PATH}/FacebookLogin.framework",
				"${TARGET_BUILD_DIR}/${FRAMEWORKS_FOLDER_PATH}/FacebookShare.framework",
				"${TARGET_BUILD_DIR}/${FRAMEWORKS_FOLDER_PATH}/GTMSessionFetcher.framework",
				"${TARGET_BUILD_DIR}/${FRAMEWORKS_FOLDER_PATH}/GoogleToolboxForMac.framework",
				"${TARGET_BUILD_DIR}/${FRAMEWORKS_FOLDER_PATH}/SwiftKeychainWrapper.framework",
				"${TARGET_BUILD_DIR}/${FRAMEWORKS_FOLDER_PATH}/leveldb.framework",
				"${TARGET_BUILD_DIR}/${FRAMEWORKS_FOLDER_PATH}/nanopb.framework",
			);
			runOnlyForDeploymentPostprocessing = 0;
			shellPath = /bin/sh;
			shellScript = "\"${SRCROOT}/Pods/Target Support Files/Pods-PurdueShare/Pods-PurdueShare-frameworks.sh\"\n";
			showEnvVarsInLog = 0;
		};
		ACAF9070244A2607F625F441 /* [CP] Check Pods Manifest.lock */ = {
			isa = PBXShellScriptBuildPhase;
			buildActionMask = 2147483647;
			files = (
			);
			inputPaths = (
				"${PODS_PODFILE_DIR_PATH}/Podfile.lock",
				"${PODS_ROOT}/Manifest.lock",
			);
			name = "[CP] Check Pods Manifest.lock";
			outputPaths = (
				"$(DERIVED_FILE_DIR)/Pods-PurdueShare-checkManifestLockResult.txt",
			);
			runOnlyForDeploymentPostprocessing = 0;
			shellPath = /bin/sh;
			shellScript = "diff \"${PODS_PODFILE_DIR_PATH}/Podfile.lock\" \"${PODS_ROOT}/Manifest.lock\" > /dev/null\nif [ $? != 0 ] ; then\n    # print error to STDERR\n    echo \"error: The sandbox is not in sync with the Podfile.lock. Run 'pod install' or update your CocoaPods installation.\" >&2\n    exit 1\nfi\n# This output is used by Xcode 'outputs' to avoid re-running this script phase.\necho \"SUCCESS\" > \"${SCRIPT_OUTPUT_FILE_0}\"\n";
			showEnvVarsInLog = 0;
		};
/* End PBXShellScriptBuildPhase section */

/* Begin PBXSourcesBuildPhase section */
		90EF71F320536F44000C4E68 /* Sources */ = {
			isa = PBXSourcesBuildPhase;
			buildActionMask = 2147483647;
			files = (
				90C6B5B320B451DF00503672 /* RequestPost.swift in Sources */,
				90EF721D20537AE0000C4E68 /* LoginViewController.swift in Sources */,
				901A2E8020571CC50099F58A /* AuthService.swift in Sources */,
				90C6B5B120B44C9000503672 /* ShareFeedTableCell.swift in Sources */,
				901A2E82205722330099F58A /* DataService.swift in Sources */,
				90EF71FB20536F44000C4E68 /* AppDelegate.swift in Sources */,
				90C6B5B520B453F600503672 /* MakeRequestVC.swift in Sources */,
				90EF721F20539258000C4E68 /* FirstViewController.swift in Sources */,
				905109B120927ECC0069700B /* ShareFeedViewController.swift in Sources */,
				901A2E8420577FF00099F58A /* User.swift in Sources */,
			);
			runOnlyForDeploymentPostprocessing = 0;
		};
		90EF720720536F44000C4E68 /* Sources */ = {
			isa = PBXSourcesBuildPhase;
			buildActionMask = 2147483647;
			files = (
				90EF721020536F44000C4E68 /* PurdueShareTests.swift in Sources */,
			);
			runOnlyForDeploymentPostprocessing = 0;
		};
/* End PBXSourcesBuildPhase section */

/* Begin PBXTargetDependency section */
		90EF720D20536F44000C4E68 /* PBXTargetDependency */ = {
			isa = PBXTargetDependency;
			target = 90EF71F620536F44000C4E68 /* PurdueShare */;
			targetProxy = 90EF720C20536F44000C4E68 /* PBXContainerItemProxy */;
		};
/* End PBXTargetDependency section */

/* Begin PBXVariantGroup section */
		90EF71FE20536F44000C4E68 /* Main.storyboard */ = {
			isa = PBXVariantGroup;
			children = (
				90EF71FF20536F44000C4E68 /* Base */,
			);
			name = Main.storyboard;
			sourceTree = "<group>";
		};
		90EF720320536F44000C4E68 /* LaunchScreen.storyboard */ = {
			isa = PBXVariantGroup;
			children = (
				90EF720420536F44000C4E68 /* Base */,
			);
			name = LaunchScreen.storyboard;
			sourceTree = "<group>";
		};
/* End PBXVariantGroup section */

/* Begin XCBuildConfiguration section */
		90EF721220536F44000C4E68 /* Debug */ = {
			isa = XCBuildConfiguration;
			buildSettings = {
				ALWAYS_SEARCH_USER_PATHS = NO;
				CLANG_ANALYZER_NONNULL = YES;
				CLANG_ANALYZER_NUMBER_OBJECT_CONVERSION = YES_AGGRESSIVE;
				CLANG_CXX_LANGUAGE_STANDARD = "gnu++14";
				CLANG_CXX_LIBRARY = "libc++";
				CLANG_ENABLE_MODULES = YES;
				CLANG_ENABLE_OBJC_ARC = YES;
				CLANG_WARN_BLOCK_CAPTURE_AUTORELEASING = YES;
				CLANG_WARN_BOOL_CONVERSION = YES;
				CLANG_WARN_COMMA = YES;
				CLANG_WARN_CONSTANT_CONVERSION = YES;
				CLANG_WARN_DIRECT_OBJC_ISA_USAGE = YES_ERROR;
				CLANG_WARN_DOCUMENTATION_COMMENTS = YES;
				CLANG_WARN_EMPTY_BODY = YES;
				CLANG_WARN_ENUM_CONVERSION = YES;
				CLANG_WARN_INFINITE_RECURSION = YES;
				CLANG_WARN_INT_CONVERSION = YES;
				CLANG_WARN_NON_LITERAL_NULL_CONVERSION = YES;
				CLANG_WARN_OBJC_LITERAL_CONVERSION = YES;
				CLANG_WARN_OBJC_ROOT_CLASS = YES_ERROR;
				CLANG_WARN_RANGE_LOOP_ANALYSIS = YES;
				CLANG_WARN_STRICT_PROTOTYPES = YES;
				CLANG_WARN_SUSPICIOUS_MOVE = YES;
				CLANG_WARN_UNGUARDED_AVAILABILITY = YES_AGGRESSIVE;
				CLANG_WARN_UNREACHABLE_CODE = YES;
				CLANG_WARN__DUPLICATE_METHOD_MATCH = YES;
				CODE_SIGN_IDENTITY = "iPhone Developer";
				COPY_PHASE_STRIP = NO;
				DEBUG_INFORMATION_FORMAT = dwarf;
				ENABLE_STRICT_OBJC_MSGSEND = YES;
				ENABLE_TESTABILITY = YES;
				GCC_C_LANGUAGE_STANDARD = gnu11;
				GCC_DYNAMIC_NO_PIC = NO;
				GCC_NO_COMMON_BLOCKS = YES;
				GCC_OPTIMIZATION_LEVEL = 0;
				GCC_PREPROCESSOR_DEFINITIONS = (
					"DEBUG=1",
					"$(inherited)",
				);
				GCC_WARN_64_TO_32_BIT_CONVERSION = YES;
				GCC_WARN_ABOUT_RETURN_TYPE = YES_ERROR;
				GCC_WARN_UNDECLARED_SELECTOR = YES;
				GCC_WARN_UNINITIALIZED_AUTOS = YES_AGGRESSIVE;
				GCC_WARN_UNUSED_FUNCTION = YES;
				GCC_WARN_UNUSED_VARIABLE = YES;
				IPHONEOS_DEPLOYMENT_TARGET = 11.0;
				MTL_ENABLE_DEBUG_INFO = YES;
				ONLY_ACTIVE_ARCH = YES;
				SDKROOT = iphoneos;
				SWIFT_ACTIVE_COMPILATION_CONDITIONS = DEBUG;
				SWIFT_OPTIMIZATION_LEVEL = "-Onone";
			};
			name = Debug;
		};
		90EF721320536F44000C4E68 /* Release */ = {
			isa = XCBuildConfiguration;
			buildSettings = {
				ALWAYS_SEARCH_USER_PATHS = NO;
				CLANG_ANALYZER_NONNULL = YES;
				CLANG_ANALYZER_NUMBER_OBJECT_CONVERSION = YES_AGGRESSIVE;
				CLANG_CXX_LANGUAGE_STANDARD = "gnu++14";
				CLANG_CXX_LIBRARY = "libc++";
				CLANG_ENABLE_MODULES = YES;
				CLANG_ENABLE_OBJC_ARC = YES;
				CLANG_WARN_BLOCK_CAPTURE_AUTORELEASING = YES;
				CLANG_WARN_BOOL_CONVERSION = YES;
				CLANG_WARN_COMMA = YES;
				CLANG_WARN_CONSTANT_CONVERSION = YES;
				CLANG_WARN_DIRECT_OBJC_ISA_USAGE = YES_ERROR;
				CLANG_WARN_DOCUMENTATION_COMMENTS = YES;
				CLANG_WARN_EMPTY_BODY = YES;
				CLANG_WARN_ENUM_CONVERSION = YES;
				CLANG_WARN_INFINITE_RECURSION = YES;
				CLANG_WARN_INT_CONVERSION = YES;
				CLANG_WARN_NON_LITERAL_NULL_CONVERSION = YES;
				CLANG_WARN_OBJC_LITERAL_CONVERSION = YES;
				CLANG_WARN_OBJC_ROOT_CLASS = YES_ERROR;
				CLANG_WARN_RANGE_LOOP_ANALYSIS = YES;
				CLANG_WARN_STRICT_PROTOTYPES = YES;
				CLANG_WARN_SUSPICIOUS_MOVE = YES;
				CLANG_WARN_UNGUARDED_AVAILABILITY = YES_AGGRESSIVE;
				CLANG_WARN_UNREACHABLE_CODE = YES;
				CLANG_WARN__DUPLICATE_METHOD_MATCH = YES;
				CODE_SIGN_IDENTITY = "iPhone Developer";
				COPY_PHASE_STRIP = NO;
				DEBUG_INFORMATION_FORMAT = "dwarf-with-dsym";
				ENABLE_NS_ASSERTIONS = NO;
				ENABLE_STRICT_OBJC_MSGSEND = YES;
				GCC_C_LANGUAGE_STANDARD = gnu11;
				GCC_NO_COMMON_BLOCKS = YES;
				GCC_WARN_64_TO_32_BIT_CONVERSION = YES;
				GCC_WARN_ABOUT_RETURN_TYPE = YES_ERROR;
				GCC_WARN_UNDECLARED_SELECTOR = YES;
				GCC_WARN_UNINITIALIZED_AUTOS = YES_AGGRESSIVE;
				GCC_WARN_UNUSED_FUNCTION = YES;
				GCC_WARN_UNUSED_VARIABLE = YES;
				IPHONEOS_DEPLOYMENT_TARGET = 11.0;
				MTL_ENABLE_DEBUG_INFO = NO;
				SDKROOT = iphoneos;
				SWIFT_OPTIMIZATION_LEVEL = "-Owholemodule";
				VALIDATE_PRODUCT = YES;
			};
			name = Release;
		};
		90EF721520536F44000C4E68 /* Debug */ = {
			isa = XCBuildConfiguration;
			baseConfigurationReference = 50F251828662D44CA205652A /* Pods-PurdueShare.debug.xcconfig */;
			buildSettings = {
				ASSETCATALOG_COMPILER_APPICON_NAME = AppIcon;
				CODE_SIGN_STYLE = Automatic;
				INFOPLIST_FILE = PurdueShare/Info.plist;
				LD_RUNPATH_SEARCH_PATHS = "$(inherited) @executable_path/Frameworks";
				PRODUCT_BUNDLE_IDENTIFIER = Emprunt.PurdueShare;
				PRODUCT_NAME = "$(TARGET_NAME)";
				SWIFT_VERSION = 4.0;
				TARGETED_DEVICE_FAMILY = "1,2";
			};
			name = Debug;
		};
		90EF721620536F44000C4E68 /* Release */ = {
			isa = XCBuildConfiguration;
			baseConfigurationReference = 602E4945024FA4D37A2D8C55 /* Pods-PurdueShare.release.xcconfig */;
			buildSettings = {
				ASSETCATALOG_COMPILER_APPICON_NAME = AppIcon;
				CODE_SIGN_STYLE = Automatic;
				INFOPLIST_FILE = PurdueShare/Info.plist;
				LD_RUNPATH_SEARCH_PATHS = "$(inherited) @executable_path/Frameworks";
				PRODUCT_BUNDLE_IDENTIFIER = Emprunt.PurdueShare;
				PRODUCT_NAME = "$(TARGET_NAME)";
				SWIFT_VERSION = 4.0;
				TARGETED_DEVICE_FAMILY = "1,2";
			};
			name = Release;
		};
		90EF721820536F44000C4E68 /* Debug */ = {
			isa = XCBuildConfiguration;
			baseConfigurationReference = D328CF460254F974777212A6 /* Pods-PurdueShareTests.debug.xcconfig */;
			buildSettings = {
				ALWAYS_EMBED_SWIFT_STANDARD_LIBRARIES = YES;
				BUNDLE_LOADER = "$(TEST_HOST)";
				CODE_SIGN_STYLE = Automatic;
				INFOPLIST_FILE = PurdueShareTests/Info.plist;
				LD_RUNPATH_SEARCH_PATHS = "$(inherited) @executable_path/Frameworks @loader_path/Frameworks";
				PRODUCT_BUNDLE_IDENTIFIER = Emprunt.PurdueShareTests;
				PRODUCT_NAME = "$(TARGET_NAME)";
				SWIFT_VERSION = 4.0;
				TARGETED_DEVICE_FAMILY = "1,2";
				TEST_HOST = "$(BUILT_PRODUCTS_DIR)/PurdueShare.app/PurdueShare";
			};
			name = Debug;
		};
		90EF721920536F44000C4E68 /* Release */ = {
			isa = XCBuildConfiguration;
			baseConfigurationReference = EC92EC94B040CCE412D4275A /* Pods-PurdueShareTests.release.xcconfig */;
			buildSettings = {
				ALWAYS_EMBED_SWIFT_STANDARD_LIBRARIES = YES;
				BUNDLE_LOADER = "$(TEST_HOST)";
				CODE_SIGN_STYLE = Automatic;
				INFOPLIST_FILE = PurdueShareTests/Info.plist;
				LD_RUNPATH_SEARCH_PATHS = "$(inherited) @executable_path/Frameworks @loader_path/Frameworks";
				PRODUCT_BUNDLE_IDENTIFIER = Emprunt.PurdueShareTests;
				PRODUCT_NAME = "$(TARGET_NAME)";
				SWIFT_VERSION = 4.0;
				TARGETED_DEVICE_FAMILY = "1,2";
				TEST_HOST = "$(BUILT_PRODUCTS_DIR)/PurdueShare.app/PurdueShare";
			};
			name = Release;
		};
/* End XCBuildConfiguration section */

/* Begin XCConfigurationList section */
		90EF71F220536F44000C4E68 /* Build configuration list for PBXProject "PurdueShare" */ = {
			isa = XCConfigurationList;
			buildConfigurations = (
				90EF721220536F44000C4E68 /* Debug */,
				90EF721320536F44000C4E68 /* Release */,
			);
			defaultConfigurationIsVisible = 0;
			defaultConfigurationName = Release;
		};
		90EF721420536F44000C4E68 /* Build configuration list for PBXNativeTarget "PurdueShare" */ = {
			isa = XCConfigurationList;
			buildConfigurations = (
				90EF721520536F44000C4E68 /* Debug */,
				90EF721620536F44000C4E68 /* Release */,
			);
			defaultConfigurationIsVisible = 0;
			defaultConfigurationName = Release;
		};
		90EF721720536F44000C4E68 /* Build configuration list for PBXNativeTarget "PurdueShareTests" */ = {
			isa = XCConfigurationList;
			buildConfigurations = (
				90EF721820536F44000C4E68 /* Debug */,
				90EF721920536F44000C4E68 /* Release */,
			);
			defaultConfigurationIsVisible = 0;
			defaultConfigurationName = Release;
		};
/* End XCConfigurationList section */
	};
	rootObject = 90EF71EF20536F44000C4E68 /* Project object */;
}
